Microsoft Visual Studio Solution File, Format Version 12.00
# Visual Studio 2012
Project("{FAE04EC0-301F-11D3-BF4B-00C04F79EFBC}") = "New Game Project", "New Game Project.csproj", "{DFA0EFE9-1792-407F-B81E-5598E64D1754}"
EndProject
Global
	GlobalSection(SolutionConfigurationPlatforms) = preSolution
	Debug|Any CPU = Debug|Any CPU
	ExportDebug|Any CPU = ExportDebug|Any CPU
	ExportRelease|Any CPU = ExportRelease|Any CPU
	EndGlobalSection
	GlobalSection(ProjectConfigurationPlatforms) = postSolution
		{DFA0EFE9-1792-407F-B81E-5598E64D1754}.Debug|Any CPU.ActiveCfg = Debug|Any CPU
		{DFA0EFE9-1792-407F-B81E-5598E64D1754}.Debug|Any CPU.Build.0 = Debug|Any CPU
		{DFA0EFE9-1792-407F-B81E-5598E64D1754}.ExportDebug|Any CPU.ActiveCfg = ExportDebug|Any CPU
		{DFA0EFE9-1792-407F-B81E-5598E64D1754}.ExportDebug|Any CPU.Build.0 = ExportDebug|Any CPU
		{DFA0EFE9-1792-407F-B81E-5598E64D1754}.ExportRelease|Any CPU.ActiveCfg = ExportRelease|Any CPU
		{DFA0EFE9-1792-407F-B81E-5598E64D1754}.ExportRelease|Any CPU.Build.0 = ExportRelease|Any CPU
	EndGlobalSection
EndGlobal
